
Microsoft Visual Studio Solution File, Format Version 12.00
# Visual Studio Version 17
VisualStudioVersion = 17.0.32126.317
MinimumVisualStudioVersion = 10.0.40219.1
Project("{FAE04EC0-301F-11D3-BF4B-00C04F79EFBC}") = "LogicSkills", "LogicSkills\LogicSkills.csproj", "{AFA7499A-A015-4DF8-A8FB-8BA719C77E84}"
EndProject
Project("{FAE04EC0-301F-11D3-BF4B-00C04F79EFBC}") = "ProductOfferService", "ProductOfferService\ProductOfferService.csproj", "{8AFCD4BB-D372-49B1-A89F-3723D3FFF1D2}"
EndProject
Global
	GlobalSection(SolutionConfigurationPlatforms) = preSolution
		Debug|Any CPU = Debug|Any CPU
		Release|Any CPU = Release|Any CPU
	EndGlobalSection
	GlobalSection(ProjectConfigurationPlatforms) = postSolution
		{AFA7499A-A015-4DF8-A8FB-8BA719C77E84}.Debug|Any CPU.ActiveCfg = Debug|Any CPU
		{AFA7499A-A015-4DF8-A8FB-8BA719C77E84}.Debug|Any CPU.Build.0 = Debug|Any CPU
		{AFA7499A-A015-4DF8-A8FB-8BA719C77E84}.Release|Any CPU.ActiveCfg = Release|Any CPU
		{AFA7499A-A015-4DF8-A8FB-8BA719C77E84}.Release|Any CPU.Build.0 = Release|Any CPU
		{8AFCD4BB-D372-49B1-A89F-3723D3FFF1D2}.Debug|Any CPU.ActiveCfg = Debug|Any CPU
		{8AFCD4BB-D372-49B1-A89F-3723D3FFF1D2}.Debug|Any CPU.Build.0 = Debug|Any CPU
		{8AFCD4BB-D372-49B1-A89F-3723D3FFF1D2}.Release|Any CPU.ActiveCfg = Release|Any CPU
		{8AFCD4BB-D372-49B1-A89F-3723D3FFF1D2}.Release|Any CPU.Build.0 = Release|Any CPU
	EndGlobalSection
	GlobalSection(SolutionProperties) = preSolution
		HideSolutionNode = FALSE
	EndGlobalSection
	GlobalSection(ExtensibilityGlobals) = postSolution
		SolutionGuid = {57D85E7E-EB8B-4E31-B4C4-E81DB393C626}
	EndGlobalSection
EndGlobal
